// !$*UTF8*$!
{
	archiveVersion = 1;
	classes = {
	};
	objectVersion = 50;
	objects = {

/* Begin PBXBuildFile section */
		2C0804F325501B5000651A63 /* RecordDurationFormatter.swift in Sources */ = {isa = PBXBuildFile; fileRef = 2C0804F225501B5000651A63 /* RecordDurationFormatter.swift */; };
		CEA1B1A0242A6442004AD2E8 /* AppDelegate.swift in Sources */ = {isa = PBXBuildFile; fileRef = CEA1B19F242A6442004AD2E8 /* AppDelegate.swift */; };
		CEA1B1A2242A6442004AD2E8 /* SceneDelegate.swift in Sources */ = {isa = PBXBuildFile; fileRef = CEA1B1A1242A6442004AD2E8 /* SceneDelegate.swift */; };
		CEA1B1A7242A6442004AD2E8 /* Main.storyboard in Resources */ = {isa = PBXBuildFile; fileRef = CEA1B1A5242A6442004AD2E8 /* Main.storyboard */; };
		CEA1B1A9242A6443004AD2E8 /* Assets.xcassets in Resources */ = {isa = PBXBuildFile; fileRef = CEA1B1A8242A6443004AD2E8 /* Assets.xcassets */; };
		CEA1B1AC242A6443004AD2E8 /* LaunchScreen.storyboard in Resources */ = {isa = PBXBuildFile; fileRef = CEA1B1AA242A6443004AD2E8 /* LaunchScreen.storyboard */; };
		CEBF6373242DB3AE00C523C0 /* RecordTableViewCell.xib in Resources */ = {isa = PBXBuildFile; fileRef = CEBF6371242DB3AE00C523C0 /* RecordTableViewCell.xib */; };
		CEBF6375242DDB1F00C523C0 /* RecordTableViewCell.swift in Sources */ = {isa = PBXBuildFile; fileRef = CEBF6374242DDB1F00C523C0 /* RecordTableViewCell.swift */; };
		CEBF6377242DDB9000C523C0 /* RecordsViewController.swift in Sources */ = {isa = PBXBuildFile; fileRef = CEBF6376242DDB9000C523C0 /* RecordsViewController.swift */; };
		CEF1E3B4242F407B008041A8 /* RepeatingTimer.swift in Sources */ = {isa = PBXBuildFile; fileRef = CEF1E3B3242F407B008041A8 /* RepeatingTimer.swift */; };
/* End PBXBuildFile section */

/* Begin PBXFileReference section */
		2C0804F225501B5000651A63 /* RecordDurationFormatter.swift */ = {isa = PBXFileReference; lastKnownFileType = sourcecode.swift; path = RecordDurationFormatter.swift; sourceTree = "<group>"; };
		CEA1B19C242A6442004AD2E8 /* TimerTest.app */ = {isa = PBXFileReference; explicitFileType = wrapper.application; includeInIndex = 0; path = TimerTest.app; sourceTree = BUILT_PRODUCTS_DIR; };
		CEA1B19F242A6442004AD2E8 /* AppDelegate.swift */ = {isa = PBXFileReference; lastKnownFileType = sourcecode.swift; path = AppDelegate.swift; sourceTree = "<group>"; };
		CEA1B1A1242A6442004AD2E8 /* SceneDelegate.swift */ = {isa = PBXFileReference; lastKnownFileType = sourcecode.swift; path = SceneDelegate.swift; sourceTree = "<group>"; };
		CEA1B1A6242A6442004AD2E8 /* Base */ = {isa = PBXFileReference; lastKnownFileType = file.storyboard; name = Base; path = Base.lproj/Main.storyboard; sourceTree = "<group>"; };
		CEA1B1A8242A6443004AD2E8 /* Assets.xcassets */ = {isa = PBXFileReference; lastKnownFileType = folder.assetcatalog; path = Assets.xcassets; sourceTree = "<group>"; };
		CEA1B1AB242A6443004AD2E8 /* Base */ = {isa = PBXFileReference; lastKnownFileType = file.storyboard; name = Base; path = Base.lproj/LaunchScreen.storyboard; sourceTree = "<group>"; };
		CEA1B1AD242A6443004AD2E8 /* Info.plist */ = {isa = PBXFileReference; lastKnownFileType = text.plist.xml; path = Info.plist; sourceTree = "<group>"; };
		CEBF6371242DB3AE00C523C0 /* RecordTableViewCell.xib */ = {isa = PBXFileReference; lastKnownFileType = file.xib; path = RecordTableViewCell.xib; sourceTree = "<group>"; };
		CEBF6374242DDB1F00C523C0 /* RecordTableViewCell.swift */ = {isa = PBXFileReference; fileEncoding = 4; lastKnownFileType = sourcecode.swift; path = RecordTableViewCell.swift; sourceTree = "<group>"; };
		CEBF6376242DDB9000C523C0 /* RecordsViewController.swift */ = {isa = PBXFileReference; fileEncoding = 4; lastKnownFileType = sourcecode.swift; path = RecordsViewController.swift; sourceTree = "<group>"; };
		CEF1E3B3242F407B008041A8 /* RepeatingTimer.swift */ = {isa = PBXFileReference; lastKnownFileType = sourcecode.swift; path = RepeatingTimer.swift; sourceTree = "<group>"; };
/* End PBXFileReference section */

/* Begin PBXFrameworksBuildPhase section */
		CEA1B199242A6442004AD2E8 /* Frameworks */ = {
			isa = PBXFrameworksBuildPhase;
			buildActionMask = 2147483647;
			files = (
			);
			runOnlyForDeploymentPostprocessing = 0;
		};
/* End PBXFrameworksBuildPhase section */

/* Begin PBXGroup section */
		2C0804F125501AC600651A63 /* Support Files */ = {
			isa = PBXGroup;
			children = (
				CEA1B19F242A6442004AD2E8 /* AppDelegate.swift */,
				CEA1B1A1242A6442004AD2E8 /* SceneDelegate.swift */,
				CEA1B1A5242A6442004AD2E8 /* Main.storyboard */,
				CEA1B1A8242A6443004AD2E8 /* Assets.xcassets */,
				CEA1B1AA242A6443004AD2E8 /* LaunchScreen.storyboard */,
				CEA1B1AD242A6443004AD2E8 /* Info.plist */,
				CEF1E3B3242F407B008041A8 /* RepeatingTimer.swift */,
				2C0804F225501B5000651A63 /* RecordDurationFormatter.swift */,
			);
			path = "Support Files";
			sourceTree = "<group>";
		};
		CEA1B193242A6442004AD2E8 = {
			isa = PBXGroup;
			children = (
				CEA1B19E242A6442004AD2E8 /* TimerTest */,
				CEA1B19D242A6442004AD2E8 /* Products */,
			);
			sourceTree = "<group>";
		};
		CEA1B19D242A6442004AD2E8 /* Products */ = {
			isa = PBXGroup;
			children = (
				CEA1B19C242A6442004AD2E8 /* TimerTest.app */,
			);
			name = Products;
			sourceTree = "<group>";
		};
		CEA1B19E242A6442004AD2E8 /* TimerTest */ = {
			isa = PBXGroup;
			children = (
				CEBF6376242DDB9000C523C0 /* RecordsViewController.swift */,
				CEBF6374242DDB1F00C523C0 /* RecordTableViewCell.swift */,
				CEBF6371242DB3AE00C523C0 /* RecordTableViewCell.xib */,
				2C0804F125501AC600651A63 /* Support Files */,
			);
			path = TimerTest;
			sourceTree = "<group>";
		};
/* End PBXGroup section */

/* Begin PBXNativeTarget section */
		CEA1B19B242A6442004AD2E8 /* TimerTest */ = {
			isa = PBXNativeTarget;
			buildConfigurationList = CEA1B1B0242A6443004AD2E8 /* Build configuration list for PBXNativeTarget "TimerTest" */;
			buildPhases = (
				CEA1B198242A6442004AD2E8 /* Sources */,
				CEA1B199242A6442004AD2E8 /* Frameworks */,
				CEA1B19A242A6442004AD2E8 /* Resources */,
			);
			buildRules = (
			);
			dependencies = (
			);
			name = TimerTest;
			productName = TimerTest;
			productReference = CEA1B19C242A6442004AD2E8 /* TimerTest.app */;
			productType = "com.apple.product-type.application";
		};
/* End PBXNativeTarget section */

/* Begin PBXProject section */
		CEA1B194242A6442004AD2E8 /* Project object */ = {
			isa = PBXProject;
			attributes = {
				LastSwiftUpdateCheck = 1120;
				LastUpgradeCheck = 1120;
				ORGANIZATIONNAME = test;
				TargetAttributes = {
					CEA1B19B242A6442004AD2E8 = {
						CreatedOnToolsVersion = 11.2.1;
					};
				};
			};
			buildConfigurationList = CEA1B197242A6442004AD2E8 /* Build configuration list for PBXProject "TimerTest" */;
			compatibilityVersion = "Xcode 9.3";
			developmentRegion = en;
			hasScannedForEncodings = 0;
			knownRegions = (
				en,
				Base,
			);
			mainGroup = CEA1B193242A6442004AD2E8;
			productRefGroup = CEA1B19D242A6442004AD2E8 /* Products */;
			projectDirPath = "";
			projectRoot = "";
			targets = (
				CEA1B19B242A6442004AD2E8 /* TimerTest */,
			);
		};
/* End PBXProject section */

/* Begin PBXResourcesBuildPhase section */
		CEA1B19A242A6442004AD2E8 /* Resources */ = {
			isa = PBXResourcesBuildPhase;
			buildActionMask = 2147483647;
			files = (
				CEBF6373242DB3AE00C523C0 /* RecordTableViewCell.xib in Resources */,
				CEA1B1AC242A6443004AD2E8 /* LaunchScreen.storyboard in Resources */,
				CEA1B1A9242A6443004AD2E8 /* Assets.xcassets in Resources */,
				CEA1B1A7242A6442004AD2E8 /* Main.storyboard in Resources */,
			);
			runOnlyForDeploymentPostprocessing = 0;
		};
/* End PBXResourcesBuildPhase section */

/* Begin PBXSourcesBuildPhase section */
		CEA1B198242A6442004AD2E8 /* Sources */ = {
			isa = PBXSourcesBuildPhase;
			buildActionMask = 2147483647;
			files = (
				CEBF6375242DDB1F00C523C0 /* RecordTableViewCell.swift in Sources */,
				CEA1B1A0242A6442004AD2E8 /* AppDelegate.swift in Sources */,
				CEBF6377242DDB9000C523C0 /* RecordsViewController.swift in Sources */,
				2C0804F325501B5000651A63 /* RecordDurationFormatter.swift in Sources */,
				CEA1B1A2242A6442004AD2E8 /* SceneDelegate.swift in Sources */,
				CEF1E3B4242F407B008041A8 /* RepeatingTimer.swift in Sources */,
			);
			runOnlyForDeploymentPostprocessing = 0;
		};
/* End PBXSourcesBuildPhase section */

/* Begin PBXVariantGroup section */
		CEA1B1A5242A6442004AD2E8 /* Main.storyboard */ = {
			isa = PBXVariantGroup;
			children = (
				CEA1B1A6242A6442004AD2E8 /* Base */,
			);
			name = Main.storyboard;
			sourceTree = "<group>";
		};
		CEA1B1AA242A6443004AD2E8 /* LaunchScreen.storyboard */ = {
			isa = PBXVariantGroup;
			children = (
				CEA1B1AB242A6443004AD2E8 /* Base */,
			);
			name = LaunchScreen.storyboard;
			sourceTree = "<group>";
		};
/* End PBXVariantGroup section */

/* Begin XCBuildConfiguration section */
		CEA1B1AE242A6443004AD2E8 /* Debug */ = {
			isa = XCBuildConfiguration;
			buildSettings = {
				ALWAYS_SEARCH_USER_PATHS = NO;
				CLANG_ANALYZER_NONNULL = YES;
				CLANG_ANALYZER_NUMBER_OBJECT_CONVERSION = YES_AGGRESSIVE;
				CLANG_CXX_LANGUAGE_STANDARD = "gnu++14";
				CLANG_CXX_LIBRARY = "libc++";
				CLANG_ENABLE_MODULES = YES;
				CLANG_ENABLE_OBJC_ARC = YES;
				CLANG_ENABLE_OBJC_WEAK = YES;
				CLANG_WARN_BLOCK_CAPTURE_AUTORELEASING = YES;
				CLANG_WARN_BOOL_CONVERSION = YES;
				CLANG_WARN_COMMA = YES;
				CLANG_WARN_CONSTANT_CONVERSION = YES;
				CLANG_WARN_DEPRECATED_OBJC_IMPLEMENTATIONS = YES;
				CLANG_WARN_DIRECT_OBJC_ISA_USAGE = YES_ERROR;
				CLANG_WARN_DOCUMENTATION_COMMENTS = YES;
				CLANG_WARN_EMPTY_BODY = YES;
				CLANG_WARN_ENUM_CONVERSION = YES;
				CLANG_WARN_INFINITE_RECURSION = YES;
				CLANG_WARN_INT_CONVERSION = YES;
				CLANG_WARN_NON_LITERAL_NULL_CONVERSION = YES;
				CLANG_WARN_OBJC_IMPLICIT_RETAIN_SELF = YES;
				CLANG_WARN_OBJC_LITERAL_CONVERSION = YES;
				CLANG_WARN_OBJC_ROOT_CLASS = YES_ERROR;
				CLANG_WARN_RANGE_LOOP_ANALYSIS = YES;
				CLANG_WARN_STRICT_PROTOTYPES = YES;
				CLANG_WARN_SUSPICIOUS_MOVE = YES;
				CLANG_WARN_UNGUARDED_AVAILABILITY = YES_AGGRESSIVE;
				CLANG_WARN_UNREACHABLE_CODE = YES;
				CLANG_WARN__DUPLICATE_METHOD_MATCH = YES;
				COPY_PHASE_STRIP = NO;
				DEBUG_INFORMATION_FORMAT = dwarf;
				ENABLE_STRICT_OBJC_MSGSEND = YES;
				ENABLE_TESTABILITY = YES;
				GCC_C_LANGUAGE_STANDARD = gnu11;
				GCC_DYNAMIC_NO_PIC = NO;
				GCC_NO_COMMON_BLOCKS = YES;
				GCC_OPTIMIZATION_LEVEL = 0;
				GCC_PREPROCESSOR_DEFINITIONS = (
					"DEBUG=1",
					"$(inherited)",
				);
				GCC_WARN_64_TO_32_BIT_CONVERSION = YES;
				GCC_WARN_ABOUT_RETURN_TYPE = YES_ERROR;
				GCC_WARN_UNDECLARED_SELECTOR = YES;
				GCC_WARN_UNINITIALIZED_AUTOS = YES_AGGRESSIVE;
				GCC_WARN_UNUSED_FUNCTION = YES;
				GCC_WARN_UNUSED_VARIABLE = YES;
				IPHONEOS_DEPLOYMENT_TARGET = 13.2;
				MTL_ENABLE_DEBUG_INFO = INCLUDE_SOURCE;
				MTL_FAST_MATH = YES;
				ONLY_ACTIVE_ARCH = YES;
				SDKROOT = iphoneos;
				SWIFT_ACTIVE_COMPILATION_CONDITIONS = DEBUG;
				SWIFT_OPTIMIZATION_LEVEL = "-Onone";
			};
			name = Debug;
		};
		CEA1B1AF242A6443004AD2E8 /* Release */ = {
			isa = XCBuildConfiguration;
			buildSettings = {
				ALWAYS_SEARCH_USER_PATHS = NO;
				CLANG_ANALYZER_NONNULL = YES;
				CLANG_ANALYZER_NUMBER_OBJECT_CONVERSION = YES_AGGRESSIVE;
				CLANG_CXX_LANGUAGE_STANDARD = "gnu++14";
				CLANG_CXX_LIBRARY = "libc++";
				CLANG_ENABLE_MODULES = YES;
				CLANG_ENABLE_OBJC_ARC = YES;
				CLANG_ENABLE_OBJC_WEAK = YES;
				CLANG_WARN_BLOCK_CAPTURE_AUTORELEASING = YES;
				CLANG_WARN_BOOL_CONVERSION = YES;
				CLANG_WARN_COMMA = YES;
				CLANG_WARN_CONSTANT_CONVERSION = YES;
				CLANG_WARN_DEPRECATED_OBJC_IMPLEMENTATIONS = YES;
				CLANG_WARN_DIRECT_OBJC_ISA_USAGE = YES_ERROR;
				CLANG_WARN_DOCUMENTATION_COMMENTS = YES;
				CLANG_WARN_EMPTY_BODY = YES;
				CLANG_WARN_ENUM_CONVERSION = YES;
				CLANG_WARN_INFINITE_RECURSION = YES;
				CLANG_WARN_INT_CONVERSION = YES;
				CLANG_WARN_NON_LITERAL_NULL_CONVERSION = YES;
				CLANG_WARN_OBJC_IMPLICIT_RETAIN_SELF = YES;
				CLANG_WARN_OBJC_LITERAL_CONVERSION = YES;
				CLANG_WARN_OBJC_ROOT_CLASS = YES_ERROR;
				CLANG_WARN_RANGE_LOOP_ANALYSIS = YES;
				CLANG_WARN_STRICT_PROTOTYPES = YES;
				CLANG_WARN_SUSPICIOUS_MOVE = YES;
				CLANG_WARN_UNGUARDED_AVAILABILITY = YES_AGGRESSIVE;
				CLANG_WARN_UNREACHABLE_CODE = YES;
				CLANG_WARN__DUPLICATE_METHOD_MATCH = YES;
				COPY_PHASE_STRIP = NO;
				DEBUG_INFORMATION_FORMAT = "dwarf-with-dsym";
				ENABLE_NS_ASSERTIONS = NO;
				ENABLE_STRICT_OBJC_MSGSEND = YES;
				GCC_C_LANGUAGE_STANDARD = gnu11;
				GCC_NO_COMMON_BLOCKS = YES;
				GCC_WARN_64_TO_32_BIT_CONVERSION = YES;
				GCC_WARN_ABOUT_RETURN_TYPE = YES_ERROR;
				GCC_WARN_UNDECLARED_SELECTOR = YES;
				GCC_WARN_UNINITIALIZED_AUTOS = YES_AGGRESSIVE;
				GCC_WARN_UNUSED_FUNCTION = YES;
				GCC_WARN_UNUSED_VARIABLE = YES;
				IPHONEOS_DEPLOYMENT_TARGET = 13.2;
				MTL_ENABLE_DEBUG_INFO = NO;
				MTL_FAST_MATH = YES;
				SDKROOT = iphoneos;
				SWIFT_COMPILATION_MODE = wholemodule;
				SWIFT_OPTIMIZATION_LEVEL = "-O";
				VALIDATE_PRODUCT = YES;
			};
			name = Release;
		};
		CEA1B1B1242A6443004AD2E8 /* Debug */ = {
			isa = XCBuildConfiguration;
			buildSettings = {
				ASSETCATALOG_COMPILER_APPICON_NAME = AppIcon;
				CODE_SIGN_STYLE = Automatic;
				DEVELOPMENT_TEAM = 8JFP6LF3ZN;
				INFOPLIST_FILE = "$(SRCROOT)/TimerTest/Support Files/Info.plist";
				LD_RUNPATH_SEARCH_PATHS = (
					"$(inherited)",
					"@executable_path/Frameworks",
				);
				PRODUCT_BUNDLE_IDENTIFIER = ru.test.TimerTest;
				PRODUCT_NAME = "$(TARGET_NAME)";
				SWIFT_VERSION = 5.0;
				TARGETED_DEVICE_FAMILY = "1,2";
			};
			name = Debug;
		};
		CEA1B1B2242A6443004AD2E8 /* Release */ = {
			isa = XCBuildConfiguration;
			buildSettings = {
				ASSETCATALOG_COMPILER_APPICON_NAME = AppIcon;
				CODE_SIGN_STYLE = Automatic;
				DEVELOPMENT_TEAM = 8JFP6LF3ZN;
				INFOPLIST_FILE = "$(SRCROOT)/TimerTest/Support Files/Info.plist";
				LD_RUNPATH_SEARCH_PATHS = (
					"$(inherited)",
					"@executable_path/Frameworks",
				);
				PRODUCT_BUNDLE_IDENTIFIER = ru.test.TimerTest;
				PRODUCT_NAME = "$(TARGET_NAME)";
				SWIFT_VERSION = 5.0;
				TARGETED_DEVICE_FAMILY = "1,2";
			};
			name = Release;
		};
/* End XCBuildConfiguration section */

/* Begin XCConfigurationList section */
		CEA1B197242A6442004AD2E8 /* Build configuration list for PBXProject "TimerTest" */ = {
			isa = XCConfigurationList;
			buildConfigurations = (
				CEA1B1AE242A6443004AD2E8 /* Debug */,
				CEA1B1AF242A6443004AD2E8 /* Release */,
			);
			defaultConfigurationIsVisible = 0;
			defaultConfigurationName = Release;
		};
		CEA1B1B0242A6443004AD2E8 /* Build configuration list for PBXNativeTarget "TimerTest" */ = {
			isa = XCConfigurationList;
			buildConfigurations = (
				CEA1B1B1242A6443004AD2E8 /* Debug */,
				CEA1B1B2242A6443004AD2E8 /* Release */,
			);
			defaultConfigurationIsVisible = 0;
			defaultConfigurationName = Release;
		};
/* End XCConfigurationList section */
	};
	rootObject = CEA1B194242A6442004AD2E8 /* Project object */;
}
